
Microsoft Visual Studio Solution File, Format Version 12.00
# Visual Studio Version 16
VisualStudioVersion = 16.0.808.7
MinimumVisualStudioVersion = 10.0.40219.1
Project("{FAE04EC0-301F-11D3-BF4B-00C04F79EFBC}") = "InternalLibrary", "InternalLibrary\InternalLibrary.csproj", "{738B457D-3A62-4C2C-8585-3320FC1D4491}"
EndProject
Project("{FAE04EC0-301F-11D3-BF4B-00C04F79EFBC}") = "InternalLibrary.iOS", "iOS\InternalLibrary.iOS.csproj", "{DCBFE60C-AFB6-42D6-9318-9B726E16D94E}"
EndProject
Project("{2150E333-8FDC-42A3-9474-1A3956D46DE8}") = "XToolkit", "XToolkit", "{394D2D8C-E678-4C92-BD79-0D2BEDDE51A0}"
EndProject
Project("{2150E333-8FDC-42A3-9474-1A3956D46DE8}") = "WhiteLabel", "WhiteLabel", "{E65EFF41-1E4E-45FE-AA22-431B1BB7B8D8}"
EndProject
Project("{FAE04EC0-301F-11D3-BF4B-00C04F79EFBC}") = "Softeq.XToolkit.WhiteLabel", "XToolkit.WhiteLabel\Softeq.XToolkit.WhiteLabel\Softeq.XToolkit.WhiteLabel.csproj", "{8CB59AF4-4B0F-414B-926A-3C5380135437}"
EndProject
Project("{FAE04EC0-301F-11D3-BF4B-00C04F79EFBC}") = "Softeq.XToolkit.WhiteLabel.iOS", "XToolkit.WhiteLabel\Softeq.XToolkit.WhiteLabel.iOS\Softeq.XToolkit.WhiteLabel.iOS.csproj", "{CC89DBC6-E68A-4C85-91C4-E276D3BC3C2E}"
EndProject
Project("{2150E333-8FDC-42A3-9474-1A3956D46DE8}") = "Common", "Common", "{C8AF2E33-074F-4D90-8CEF-66B7B7113A54}"
EndProject
Project("{FAE04EC0-301F-11D3-BF4B-00C04F79EFBC}") = "Softeq.XToolkit.Common", "XToolkit.WhiteLabel\Softeq.XToolkit.Common\Softeq.XToolkit.Common.csproj", "{990783C7-8CCB-4648-A89C-E8189995F780}"
EndProject
Project("{FAE04EC0-301F-11D3-BF4B-00C04F79EFBC}") = "Softeq.XToolkit.Common.iOS", "XToolkit.WhiteLabel\Softeq.XToolkit.Common.iOS\Softeq.XToolkit.Common.iOS.csproj", "{6BCB2009-2E46-458C-BCAA-AFC27A631924}"
EndProject
Project("{2150E333-8FDC-42A3-9474-1A3956D46DE8}") = "Bindings", "Bindings", "{1DC87C64-F348-4262-AB63-60D9DFDF9748}"
EndProject
Project("{FAE04EC0-301F-11D3-BF4B-00C04F79EFBC}") = "Softeq.XToolkit.Bindings", "XToolkit.WhiteLabel\Softeq.XToolkit.Bindings\Softeq.XToolkit.Bindings.csproj", "{0548367E-6173-47FC-9F27-D1F68609B168}"
EndProject
Project("{FAE04EC0-301F-11D3-BF4B-00C04F79EFBC}") = "Softeq.XToolkit.Bindings.iOS", "XToolkit.WhiteLabel\Softeq.XToolkit.Bindings.iOS\Softeq.XToolkit.Bindings.iOS.csproj", "{2D399BA9-1878-43E2-AF05-6873EAE9151B}"
EndProject
Project("{FAE04EC0-301F-11D3-BF4B-00C04F79EFBC}") = "InternalLibrary.Droid", "Droid\InternalLibrary.Droid.csproj", "{4C75387B-8177-4BDA-BD5D-0683B2143707}"
EndProject
Project("{2150E333-8FDC-42A3-9474-1A3956D46DE8}") = "WhiteLabel.Essentials", "WhiteLabel.Essentials", "{F2C45653-7B9D-455B-AA7E-16AB69656D3A}"
EndProject
Project("{FAE04EC0-301F-11D3-BF4B-00C04F79EFBC}") = "Softeq.XToolkit.WhiteLabel.Essentials", "XToolkit.WhiteLabel\Softeq.XToolkit.WhiteLabel.Essentials\Softeq.XToolkit.WhiteLabel.Essentials.csproj", "{756F33F5-B53D-4C9B-B761-89EE7544E81F}"
EndProject
Project("{FAE04EC0-301F-11D3-BF4B-00C04F79EFBC}") = "Softeq.XToolkit.WhiteLabel.Essentials.iOS", "XToolkit.WhiteLabel\Softeq.XToolkit.WhiteLabel.Essentials.iOS\Softeq.XToolkit.WhiteLabel.Essentials.iOS.csproj", "{23AA0E71-BF8F-47A8-A915-C8AC4841E064}"
EndProject
Project("{2150E333-8FDC-42A3-9474-1A3956D46DE8}") = "Permissions", "Permissions", "{AD4C41A3-8204-4855-A8D8-7B293EA4B492}"
EndProject
Project("{FAE04EC0-301F-11D3-BF4B-00C04F79EFBC}") = "Softeq.XToolkit.Permissions", "XToolkit.WhiteLabel\Softeq.XToolkit.Permissions\Softeq.XToolkit.Permissions.csproj", "{2EBE805C-D6BA-4B80-9DD9-28DB0195CF51}"
EndProject
Project("{FAE04EC0-301F-11D3-BF4B-00C04F79EFBC}") = "Softeq.XToolkit.Permissions.iOS", "XToolkit.WhiteLabel\Softeq.XToolkit.Permissions.iOS\Softeq.XToolkit.Permissions.iOS.csproj", "{7EB2ADA9-C599-4644-AC6B-109F1AEED19F}"
EndProject
Project("{FAE04EC0-301F-11D3-BF4B-00C04F79EFBC}") = "Softeq.XToolkit.Bindings.Droid", "XToolkit.WhiteLabel\Softeq.XToolkit.Bindings.Droid\Softeq.XToolkit.Bindings.Droid.csproj", "{2B4A678B-63B4-49DB-99B1-BFE7793110C4}"
EndProject
Project("{FAE04EC0-301F-11D3-BF4B-00C04F79EFBC}") = "Softeq.XToolkit.Common.Droid", "XToolkit.WhiteLabel\Softeq.XToolkit.Common.Droid\Softeq.XToolkit.Common.Droid.csproj", "{18D3FDC1-B0A1-401E-87F2-1C43034E610C}"
EndProject
Project("{FAE04EC0-301F-11D3-BF4B-00C04F79EFBC}") = "Softeq.XToolkit.Permissions.Droid", "XToolkit.WhiteLabel\Softeq.XToolkit.Permissions.Droid\Softeq.XToolkit.Permissions.Droid.csproj", "{955A4101-4989-4764-9134-E621FC4D9C86}"
EndProject
Project("{FAE04EC0-301F-11D3-BF4B-00C04F79EFBC}") = "Softeq.XToolkit.WhiteLabel.Droid", "XToolkit.WhiteLabel\Softeq.XToolkit.WhiteLabel.Droid\Softeq.XToolkit.WhiteLabel.Droid.csproj", "{7F44F0F6-8396-42D0-8A1B-DC40CE8C478C}"
EndProject
Project("{FAE04EC0-301F-11D3-BF4B-00C04F79EFBC}") = "Softeq.XToolkit.WhiteLabel.Essentials.Droid", "XToolkit.WhiteLabel\Softeq.XToolkit.WhiteLabel.Essentials.Droid\Softeq.XToolkit.WhiteLabel.Essentials.Droid.csproj", "{CAEA919A-5B4A-4D97-AB4C-33229484BD7A}"
EndProject
Project("{2150E333-8FDC-42A3-9474-1A3956D46DE8}") = "Connectivity", "Connectivity", "{7EC46446-0298-4ED6-860B-0EF4FC61250C}"
EndProject
Project("{FAE04EC0-301F-11D3-BF4B-00C04F79EFBC}") = "Softeq.XToolkit.Connectivity", "XToolkit.WhiteLabel\Softeq.XToolkit.Connectivity\Softeq.XToolkit.Connectivity.csproj", "{9F66FA6F-2AC0-454F-B083-64E105079022}"
EndProject
Project("{FAE04EC0-301F-11D3-BF4B-00C04F79EFBC}") = "Softeq.XToolkit.Connectivity.iOS", "XToolkit.WhiteLabel\Softeq.XToolkit.Connectivity.iOS\Softeq.XToolkit.Connectivity.iOS.csproj", "{E3CCEEA3-C0B0-47B0-B414-2D6C18AC100A}"
EndProject
Global
	GlobalSection(SolutionConfigurationPlatforms) = preSolution
		Debug|Any CPU = Debug|Any CPU
		Release|Any CPU = Release|Any CPU
		Debug|iPhoneSimulator = Debug|iPhoneSimulator
		Release|iPhone = Release|iPhone
		Release|iPhoneSimulator = Release|iPhoneSimulator
		Debug|iPhone = Debug|iPhone
	EndGlobalSection
	GlobalSection(ProjectConfigurationPlatforms) = postSolution
		{738B457D-3A62-4C2C-8585-3320FC1D4491}.Debug|Any CPU.ActiveCfg = Debug|Any CPU
		{738B457D-3A62-4C2C-8585-3320FC1D4491}.Debug|Any CPU.Build.0 = Debug|Any CPU
		{738B457D-3A62-4C2C-8585-3320FC1D4491}.Release|Any CPU.ActiveCfg = Release|Any CPU
		{738B457D-3A62-4C2C-8585-3320FC1D4491}.Release|Any CPU.Build.0 = Release|Any CPU
		{738B457D-3A62-4C2C-8585-3320FC1D4491}.Debug|iPhoneSimulator.ActiveCfg = Debug|Any CPU
		{738B457D-3A62-4C2C-8585-3320FC1D4491}.Debug|iPhoneSimulator.Build.0 = Debug|Any CPU
		{738B457D-3A62-4C2C-8585-3320FC1D4491}.Release|iPhone.ActiveCfg = Release|Any CPU
		{738B457D-3A62-4C2C-8585-3320FC1D4491}.Release|iPhone.Build.0 = Release|Any CPU
		{738B457D-3A62-4C2C-8585-3320FC1D4491}.Release|iPhoneSimulator.ActiveCfg = Release|Any CPU
		{738B457D-3A62-4C2C-8585-3320FC1D4491}.Release|iPhoneSimulator.Build.0 = Release|Any CPU
		{738B457D-3A62-4C2C-8585-3320FC1D4491}.Debug|iPhone.ActiveCfg = Debug|Any CPU
		{738B457D-3A62-4C2C-8585-3320FC1D4491}.Debug|iPhone.Build.0 = Debug|Any CPU
		{DCBFE60C-AFB6-42D6-9318-9B726E16D94E}.Debug|Any CPU.ActiveCfg = Debug|iPhoneSimulator
		{DCBFE60C-AFB6-42D6-9318-9B726E16D94E}.Debug|Any CPU.Build.0 = Debug|iPhoneSimulator
		{DCBFE60C-AFB6-42D6-9318-9B726E16D94E}.Release|Any CPU.ActiveCfg = Release|iPhone
		{DCBFE60C-AFB6-42D6-9318-9B726E16D94E}.Release|Any CPU.Build.0 = Release|iPhone
		{DCBFE60C-AFB6-42D6-9318-9B726E16D94E}.Debug|iPhoneSimulator.ActiveCfg = Debug|iPhoneSimulator
		{DCBFE60C-AFB6-42D6-9318-9B726E16D94E}.Debug|iPhoneSimulator.Build.0 = Debug|iPhoneSimulator
		{DCBFE60C-AFB6-42D6-9318-9B726E16D94E}.Release|iPhone.ActiveCfg = Release|iPhone
		{DCBFE60C-AFB6-42D6-9318-9B726E16D94E}.Release|iPhone.Build.0 = Release|iPhone
		{DCBFE60C-AFB6-42D6-9318-9B726E16D94E}.Release|iPhoneSimulator.ActiveCfg = Release|iPhoneSimulator
		{DCBFE60C-AFB6-42D6-9318-9B726E16D94E}.Release|iPhoneSimulator.Build.0 = Release|iPhoneSimulator
		{DCBFE60C-AFB6-42D6-9318-9B726E16D94E}.Debug|iPhone.ActiveCfg = Debug|iPhone
		{DCBFE60C-AFB6-42D6-9318-9B726E16D94E}.Debug|iPhone.Build.0 = Debug|iPhone
		{8CB59AF4-4B0F-414B-926A-3C5380135437}.Debug|Any CPU.ActiveCfg = Debug|Any CPU
		{8CB59AF4-4B0F-414B-926A-3C5380135437}.Debug|Any CPU.Build.0 = Debug|Any CPU
		{8CB59AF4-4B0F-414B-926A-3C5380135437}.Release|Any CPU.ActiveCfg = Release|Any CPU
		{8CB59AF4-4B0F-414B-926A-3C5380135437}.Release|Any CPU.Build.0 = Release|Any CPU
		{8CB59AF4-4B0F-414B-926A-3C5380135437}.Debug|iPhoneSimulator.ActiveCfg = Debug|Any CPU
		{8CB59AF4-4B0F-414B-926A-3C5380135437}.Debug|iPhoneSimulator.Build.0 = Debug|Any CPU
		{8CB59AF4-4B0F-414B-926A-3C5380135437}.Release|iPhone.ActiveCfg = Release|Any CPU
		{8CB59AF4-4B0F-414B-926A-3C5380135437}.Release|iPhone.Build.0 = Release|Any CPU
		{8CB59AF4-4B0F-414B-926A-3C5380135437}.Release|iPhoneSimulator.ActiveCfg = Release|Any CPU
		{8CB59AF4-4B0F-414B-926A-3C5380135437}.Release|iPhoneSimulator.Build.0 = Release|Any CPU
		{8CB59AF4-4B0F-414B-926A-3C5380135437}.Debug|iPhone.ActiveCfg = Debug|Any CPU
		{8CB59AF4-4B0F-414B-926A-3C5380135437}.Debug|iPhone.Build.0 = Debug|Any CPU
		{CC89DBC6-E68A-4C85-91C4-E276D3BC3C2E}.Debug|Any CPU.ActiveCfg = Debug|Any CPU
		{CC89DBC6-E68A-4C85-91C4-E276D3BC3C2E}.Debug|Any CPU.Build.0 = Debug|Any CPU
		{CC89DBC6-E68A-4C85-91C4-E276D3BC3C2E}.Release|Any CPU.ActiveCfg = Release|Any CPU
		{CC89DBC6-E68A-4C85-91C4-E276D3BC3C2E}.Release|Any CPU.Build.0 = Release|Any CPU
		{CC89DBC6-E68A-4C85-91C4-E276D3BC3C2E}.Debug|iPhoneSimulator.ActiveCfg = Debug|Any CPU
		{CC89DBC6-E68A-4C85-91C4-E276D3BC3C2E}.Debug|iPhoneSimulator.Build.0 = Debug|Any CPU
		{CC89DBC6-E68A-4C85-91C4-E276D3BC3C2E}.Release|iPhone.ActiveCfg = Release|Any CPU
		{CC89DBC6-E68A-4C85-91C4-E276D3BC3C2E}.Release|iPhone.Build.0 = Release|Any CPU
		{CC89DBC6-E68A-4C85-91C4-E276D3BC3C2E}.Release|iPhoneSimulator.ActiveCfg = Release|Any CPU
		{CC89DBC6-E68A-4C85-91C4-E276D3BC3C2E}.Release|iPhoneSimulator.Build.0 = Release|Any CPU
		{CC89DBC6-E68A-4C85-91C4-E276D3BC3C2E}.Debug|iPhone.ActiveCfg = Debug|Any CPU
		{CC89DBC6-E68A-4C85-91C4-E276D3BC3C2E}.Debug|iPhone.Build.0 = Debug|Any CPU
		{990783C7-8CCB-4648-A89C-E8189995F780}.Debug|Any CPU.ActiveCfg = Debug|Any CPU
		{990783C7-8CCB-4648-A89C-E8189995F780}.Debug|Any CPU.Build.0 = Debug|Any CPU
		{990783C7-8CCB-4648-A89C-E8189995F780}.Release|Any CPU.ActiveCfg = Release|Any CPU
		{990783C7-8CCB-4648-A89C-E8189995F780}.Release|Any CPU.Build.0 = Release|Any CPU
		{990783C7-8CCB-4648-A89C-E8189995F780}.Debug|iPhoneSimulator.ActiveCfg = Debug|Any CPU
		{990783C7-8CCB-4648-A89C-E8189995F780}.Debug|iPhoneSimulator.Build.0 = Debug|Any CPU
		{990783C7-8CCB-4648-A89C-E8189995F780}.Release|iPhone.ActiveCfg = Release|Any CPU
		{990783C7-8CCB-4648-A89C-E8189995F780}.Release|iPhone.Build.0 = Release|Any CPU
		{990783C7-8CCB-4648-A89C-E8189995F780}.Release|iPhoneSimulator.ActiveCfg = Release|Any CPU
		{990783C7-8CCB-4648-A89C-E8189995F780}.Release|iPhoneSimulator.Build.0 = Release|Any CPU
		{990783C7-8CCB-4648-A89C-E8189995F780}.Debug|iPhone.ActiveCfg = Debug|Any CPU
		{990783C7-8CCB-4648-A89C-E8189995F780}.Debug|iPhone.Build.0 = Debug|Any CPU
		{6BCB2009-2E46-458C-BCAA-AFC27A631924}.Debug|Any CPU.ActiveCfg = Debug|Any CPU
		{6BCB2009-2E46-458C-BCAA-AFC27A631924}.Debug|Any CPU.Build.0 = Debug|Any CPU
		{6BCB2009-2E46-458C-BCAA-AFC27A631924}.Release|Any CPU.ActiveCfg = Release|Any CPU
		{6BCB2009-2E46-458C-BCAA-AFC27A631924}.Release|Any CPU.Build.0 = Release|Any CPU
		{6BCB2009-2E46-458C-BCAA-AFC27A631924}.Debug|iPhoneSimulator.ActiveCfg = Debug|Any CPU
		{6BCB2009-2E46-458C-BCAA-AFC27A631924}.Debug|iPhoneSimulator.Build.0 = Debug|Any CPU
		{6BCB2009-2E46-458C-BCAA-AFC27A631924}.Release|iPhone.ActiveCfg = Release|Any CPU
		{6BCB2009-2E46-458C-BCAA-AFC27A631924}.Release|iPhone.Build.0 = Release|Any CPU
		{6BCB2009-2E46-458C-BCAA-AFC27A631924}.Release|iPhoneSimulator.ActiveCfg = Release|Any CPU
		{6BCB2009-2E46-458C-BCAA-AFC27A631924}.Release|iPhoneSimulator.Build.0 = Release|Any CPU
		{6BCB2009-2E46-458C-BCAA-AFC27A631924}.Debug|iPhone.ActiveCfg = Debug|Any CPU
		{6BCB2009-2E46-458C-BCAA-AFC27A631924}.Debug|iPhone.Build.0 = Debug|Any CPU
		{0548367E-6173-47FC-9F27-D1F68609B168}.Debug|Any CPU.ActiveCfg = Debug|Any CPU
		{0548367E-6173-47FC-9F27-D1F68609B168}.Debug|Any CPU.Build.0 = Debug|Any CPU
		{0548367E-6173-47FC-9F27-D1F68609B168}.Release|Any CPU.ActiveCfg = Release|Any CPU
		{0548367E-6173-47FC-9F27-D1F68609B168}.Release|Any CPU.Build.0 = Release|Any CPU
		{0548367E-6173-47FC-9F27-D1F68609B168}.Debug|iPhoneSimulator.ActiveCfg = Debug|Any CPU
		{0548367E-6173-47FC-9F27-D1F68609B168}.Debug|iPhoneSimulator.Build.0 = Debug|Any CPU
		{0548367E-6173-47FC-9F27-D1F68609B168}.Release|iPhone.ActiveCfg = Release|Any CPU
		{0548367E-6173-47FC-9F27-D1F68609B168}.Release|iPhone.Build.0 = Release|Any CPU
		{0548367E-6173-47FC-9F27-D1F68609B168}.Release|iPhoneSimulator.ActiveCfg = Release|Any CPU
		{0548367E-6173-47FC-9F27-D1F68609B168}.Release|iPhoneSimulator.Build.0 = Release|Any CPU
		{0548367E-6173-47FC-9F27-D1F68609B168}.Debug|iPhone.ActiveCfg = Debug|Any CPU
		{0548367E-6173-47FC-9F27-D1F68609B168}.Debug|iPhone.Build.0 = Debug|Any CPU
		{2D399BA9-1878-43E2-AF05-6873EAE9151B}.Debug|Any CPU.ActiveCfg = Debug|Any CPU
		{2D399BA9-1878-43E2-AF05-6873EAE9151B}.Debug|Any CPU.Build.0 = Debug|Any CPU
		{2D399BA9-1878-43E2-AF05-6873EAE9151B}.Release|Any CPU.ActiveCfg = Release|Any CPU
		{2D399BA9-1878-43E2-AF05-6873EAE9151B}.Release|Any CPU.Build.0 = Release|Any CPU
		{2D399BA9-1878-43E2-AF05-6873EAE9151B}.Debug|iPhoneSimulator.ActiveCfg = Debug|Any CPU
		{2D399BA9-1878-43E2-AF05-6873EAE9151B}.Debug|iPhoneSimulator.Build.0 = Debug|Any CPU
		{2D399BA9-1878-43E2-AF05-6873EAE9151B}.Release|iPhone.ActiveCfg = Release|Any CPU
		{2D399BA9-1878-43E2-AF05-6873EAE9151B}.Release|iPhone.Build.0 = Release|Any CPU
		{2D399BA9-1878-43E2-AF05-6873EAE9151B}.Release|iPhoneSimulator.ActiveCfg = Release|Any CPU
		{2D399BA9-1878-43E2-AF05-6873EAE9151B}.Release|iPhoneSimulator.Build.0 = Release|Any CPU
		{2D399BA9-1878-43E2-AF05-6873EAE9151B}.Debug|iPhone.ActiveCfg = Debug|Any CPU
		{2D399BA9-1878-43E2-AF05-6873EAE9151B}.Debug|iPhone.Build.0 = Debug|Any CPU
		{4C75387B-8177-4BDA-BD5D-0683B2143707}.Debug|Any CPU.ActiveCfg = Debug|Any CPU
		{4C75387B-8177-4BDA-BD5D-0683B2143707}.Release|Any CPU.ActiveCfg = Release|Any CPU
		{4C75387B-8177-4BDA-BD5D-0683B2143707}.Release|Any CPU.Build.0 = Release|Any CPU
		{4C75387B-8177-4BDA-BD5D-0683B2143707}.Debug|iPhoneSimulator.ActiveCfg = Debug|Any CPU
		{4C75387B-8177-4BDA-BD5D-0683B2143707}.Debug|iPhoneSimulator.Build.0 = Debug|Any CPU
		{4C75387B-8177-4BDA-BD5D-0683B2143707}.Release|iPhone.ActiveCfg = Release|Any CPU
		{4C75387B-8177-4BDA-BD5D-0683B2143707}.Release|iPhone.Build.0 = Release|Any CPU
		{4C75387B-8177-4BDA-BD5D-0683B2143707}.Release|iPhoneSimulator.ActiveCfg = Release|Any CPU
		{4C75387B-8177-4BDA-BD5D-0683B2143707}.Release|iPhoneSimulator.Build.0 = Release|Any CPU
		{4C75387B-8177-4BDA-BD5D-0683B2143707}.Debug|iPhone.ActiveCfg = Debug|Any CPU
		{4C75387B-8177-4BDA-BD5D-0683B2143707}.Debug|iPhone.Build.0 = Debug|Any CPU
		{756F33F5-B53D-4C9B-B761-89EE7544E81F}.Debug|Any CPU.ActiveCfg = Debug|Any CPU
		{756F33F5-B53D-4C9B-B761-89EE7544E81F}.Debug|Any CPU.Build.0 = Debug|Any CPU
		{756F33F5-B53D-4C9B-B761-89EE7544E81F}.Release|Any CPU.ActiveCfg = Release|Any CPU
		{756F33F5-B53D-4C9B-B761-89EE7544E81F}.Release|Any CPU.Build.0 = Release|Any CPU
		{756F33F5-B53D-4C9B-B761-89EE7544E81F}.Debug|iPhoneSimulator.ActiveCfg = Debug|Any CPU
		{756F33F5-B53D-4C9B-B761-89EE7544E81F}.Debug|iPhoneSimulator.Build.0 = Debug|Any CPU
		{756F33F5-B53D-4C9B-B761-89EE7544E81F}.Release|iPhone.ActiveCfg = Release|Any CPU
		{756F33F5-B53D-4C9B-B761-89EE7544E81F}.Release|iPhone.Build.0 = Release|Any CPU
		{756F33F5-B53D-4C9B-B761-89EE7544E81F}.Release|iPhoneSimulator.ActiveCfg = Release|Any CPU
		{756F33F5-B53D-4C9B-B761-89EE7544E81F}.Release|iPhoneSimulator.Build.0 = Release|Any CPU
		{756F33F5-B53D-4C9B-B761-89EE7544E81F}.Debug|iPhone.ActiveCfg = Debug|Any CPU
		{756F33F5-B53D-4C9B-B761-89EE7544E81F}.Debug|iPhone.Build.0 = Debug|Any CPU
		{23AA0E71-BF8F-47A8-A915-C8AC4841E064}.Debug|Any CPU.ActiveCfg = Debug|Any CPU
		{23AA0E71-BF8F-47A8-A915-C8AC4841E064}.Debug|Any CPU.Build.0 = Debug|Any CPU
		{23AA0E71-BF8F-47A8-A915-C8AC4841E064}.Release|Any CPU.ActiveCfg = Release|Any CPU
		{23AA0E71-BF8F-47A8-A915-C8AC4841E064}.Release|Any CPU.Build.0 = Release|Any CPU
		{23AA0E71-BF8F-47A8-A915-C8AC4841E064}.Debug|iPhoneSimulator.ActiveCfg = Debug|Any CPU
		{23AA0E71-BF8F-47A8-A915-C8AC4841E064}.Debug|iPhoneSimulator.Build.0 = Debug|Any CPU
		{23AA0E71-BF8F-47A8-A915-C8AC4841E064}.Release|iPhone.ActiveCfg = Release|Any CPU
		{23AA0E71-BF8F-47A8-A915-C8AC4841E064}.Release|iPhone.Build.0 = Release|Any CPU
		{23AA0E71-BF8F-47A8-A915-C8AC4841E064}.Release|iPhoneSimulator.ActiveCfg = Release|Any CPU
		{23AA0E71-BF8F-47A8-A915-C8AC4841E064}.Release|iPhoneSimulator.Build.0 = Release|Any CPU
		{23AA0E71-BF8F-47A8-A915-C8AC4841E064}.Debug|iPhone.ActiveCfg = Debug|Any CPU
		{23AA0E71-BF8F-47A8-A915-C8AC4841E064}.Debug|iPhone.Build.0 = Debug|Any CPU
		{2EBE805C-D6BA-4B80-9DD9-28DB0195CF51}.Debug|Any CPU.ActiveCfg = Debug|Any CPU
		{2EBE805C-D6BA-4B80-9DD9-28DB0195CF51}.Debug|Any CPU.Build.0 = Debug|Any CPU
		{2EBE805C-D6BA-4B80-9DD9-28DB0195CF51}.Release|Any CPU.ActiveCfg = Release|Any CPU
		{2EBE805C-D6BA-4B80-9DD9-28DB0195CF51}.Release|Any CPU.Build.0 = Release|Any CPU
		{2EBE805C-D6BA-4B80-9DD9-28DB0195CF51}.Debug|iPhoneSimulator.ActiveCfg = Debug|Any CPU
		{2EBE805C-D6BA-4B80-9DD9-28DB0195CF51}.Debug|iPhoneSimulator.Build.0 = Debug|Any CPU
		{2EBE805C-D6BA-4B80-9DD9-28DB0195CF51}.Release|iPhone.ActiveCfg = Release|Any CPU
		{2EBE805C-D6BA-4B80-9DD9-28DB0195CF51}.Release|iPhone.Build.0 = Release|Any CPU
		{2EBE805C-D6BA-4B80-9DD9-28DB0195CF51}.Release|iPhoneSimulator.ActiveCfg = Release|Any CPU
		{2EBE805C-D6BA-4B80-9DD9-28DB0195CF51}.Release|iPhoneSimulator.Build.0 = Release|Any CPU
		{2EBE805C-D6BA-4B80-9DD9-28DB0195CF51}.Debug|iPhone.ActiveCfg = Debug|Any CPU
		{2EBE805C-D6BA-4B80-9DD9-28DB0195CF51}.Debug|iPhone.Build.0 = Debug|Any CPU
		{7EB2ADA9-C599-4644-AC6B-109F1AEED19F}.Debug|Any CPU.ActiveCfg = Debug|Any CPU
		{7EB2ADA9-C599-4644-AC6B-109F1AEED19F}.Debug|Any CPU.Build.0 = Debug|Any CPU
		{7EB2ADA9-C599-4644-AC6B-109F1AEED19F}.Release|Any CPU.ActiveCfg = Release|Any CPU
		{7EB2ADA9-C599-4644-AC6B-109F1AEED19F}.Release|Any CPU.Build.0 = Release|Any CPU
		{7EB2ADA9-C599-4644-AC6B-109F1AEED19F}.Debug|iPhoneSimulator.ActiveCfg = Debug|Any CPU
		{7EB2ADA9-C599-4644-AC6B-109F1AEED19F}.Debug|iPhoneSimulator.Build.0 = Debug|Any CPU
		{7EB2ADA9-C599-4644-AC6B-109F1AEED19F}.Release|iPhone.ActiveCfg = Release|Any CPU
		{7EB2ADA9-C599-4644-AC6B-109F1AEED19F}.Release|iPhone.Build.0 = Release|Any CPU
		{7EB2ADA9-C599-4644-AC6B-109F1AEED19F}.Release|iPhoneSimulator.ActiveCfg = Release|Any CPU
		{7EB2ADA9-C599-4644-AC6B-109F1AEED19F}.Release|iPhoneSimulator.Build.0 = Release|Any CPU
		{7EB2ADA9-C599-4644-AC6B-109F1AEED19F}.Debug|iPhone.ActiveCfg = Debug|Any CPU
		{7EB2ADA9-C599-4644-AC6B-109F1AEED19F}.Debug|iPhone.Build.0 = Debug|Any CPU
		{2B4A678B-63B4-49DB-99B1-BFE7793110C4}.Debug|Any CPU.ActiveCfg = Debug|Any CPU
		{2B4A678B-63B4-49DB-99B1-BFE7793110C4}.Release|Any CPU.ActiveCfg = Release|Any CPU
		{2B4A678B-63B4-49DB-99B1-BFE7793110C4}.Release|Any CPU.Build.0 = Release|Any CPU
		{2B4A678B-63B4-49DB-99B1-BFE7793110C4}.Debug|iPhoneSimulator.ActiveCfg = Debug|Any CPU
		{2B4A678B-63B4-49DB-99B1-BFE7793110C4}.Debug|iPhoneSimulator.Build.0 = Debug|Any CPU
		{2B4A678B-63B4-49DB-99B1-BFE7793110C4}.Release|iPhone.ActiveCfg = Release|Any CPU
		{2B4A678B-63B4-49DB-99B1-BFE7793110C4}.Release|iPhone.Build.0 = Release|Any CPU
		{2B4A678B-63B4-49DB-99B1-BFE7793110C4}.Release|iPhoneSimulator.ActiveCfg = Release|Any CPU
		{2B4A678B-63B4-49DB-99B1-BFE7793110C4}.Release|iPhoneSimulator.Build.0 = Release|Any CPU
		{2B4A678B-63B4-49DB-99B1-BFE7793110C4}.Debug|iPhone.ActiveCfg = Debug|Any CPU
		{2B4A678B-63B4-49DB-99B1-BFE7793110C4}.Debug|iPhone.Build.0 = Debug|Any CPU
		{18D3FDC1-B0A1-401E-87F2-1C43034E610C}.Debug|Any CPU.ActiveCfg = Debug|Any CPU
		{18D3FDC1-B0A1-401E-87F2-1C43034E610C}.Release|Any CPU.ActiveCfg = Release|Any CPU
		{18D3FDC1-B0A1-401E-87F2-1C43034E610C}.Release|Any CPU.Build.0 = Release|Any CPU
		{18D3FDC1-B0A1-401E-87F2-1C43034E610C}.Debug|iPhoneSimulator.ActiveCfg = Debug|Any CPU
		{18D3FDC1-B0A1-401E-87F2-1C43034E610C}.Debug|iPhoneSimulator.Build.0 = Debug|Any CPU
		{18D3FDC1-B0A1-401E-87F2-1C43034E610C}.Release|iPhone.ActiveCfg = Release|Any CPU
		{18D3FDC1-B0A1-401E-87F2-1C43034E610C}.Release|iPhone.Build.0 = Release|Any CPU
		{18D3FDC1-B0A1-401E-87F2-1C43034E610C}.Release|iPhoneSimulator.ActiveCfg = Release|Any CPU
		{18D3FDC1-B0A1-401E-87F2-1C43034E610C}.Release|iPhoneSimulator.Build.0 = Release|Any CPU
		{18D3FDC1-B0A1-401E-87F2-1C43034E610C}.Debug|iPhone.ActiveCfg = Debug|Any CPU
		{18D3FDC1-B0A1-401E-87F2-1C43034E610C}.Debug|iPhone.Build.0 = Debug|Any CPU
		{955A4101-4989-4764-9134-E621FC4D9C86}.Debug|Any CPU.ActiveCfg = Debug|Any CPU
		{955A4101-4989-4764-9134-E621FC4D9C86}.Release|Any CPU.ActiveCfg = Release|Any CPU
		{955A4101-4989-4764-9134-E621FC4D9C86}.Release|Any CPU.Build.0 = Release|Any CPU
		{955A4101-4989-4764-9134-E621FC4D9C86}.Debug|iPhoneSimulator.ActiveCfg = Debug|Any CPU
		{955A4101-4989-4764-9134-E621FC4D9C86}.Debug|iPhoneSimulator.Build.0 = Debug|Any CPU
		{955A4101-4989-4764-9134-E621FC4D9C86}.Release|iPhone.ActiveCfg = Release|Any CPU
		{955A4101-4989-4764-9134-E621FC4D9C86}.Release|iPhone.Build.0 = Release|Any CPU
		{955A4101-4989-4764-9134-E621FC4D9C86}.Release|iPhoneSimulator.ActiveCfg = Release|Any CPU
		{955A4101-4989-4764-9134-E621FC4D9C86}.Release|iPhoneSimulator.Build.0 = Release|Any CPU
		{955A4101-4989-4764-9134-E621FC4D9C86}.Debug|iPhone.ActiveCfg = Debug|Any CPU
		{955A4101-4989-4764-9134-E621FC4D9C86}.Debug|iPhone.Build.0 = Debug|Any CPU
		{7F44F0F6-8396-42D0-8A1B-DC40CE8C478C}.Debug|Any CPU.ActiveCfg = Debug|Any CPU
		{7F44F0F6-8396-42D0-8A1B-DC40CE8C478C}.Release|Any CPU.ActiveCfg = Release|Any CPU
		{7F44F0F6-8396-42D0-8A1B-DC40CE8C478C}.Release|Any CPU.Build.0 = Release|Any CPU
		{7F44F0F6-8396-42D0-8A1B-DC40CE8C478C}.Debug|iPhoneSimulator.ActiveCfg = Debug|Any CPU
		{7F44F0F6-8396-42D0-8A1B-DC40CE8C478C}.Debug|iPhoneSimulator.Build.0 = Debug|Any CPU
		{7F44F0F6-8396-42D0-8A1B-DC40CE8C478C}.Release|iPhone.ActiveCfg = Release|Any CPU
		{7F44F0F6-8396-42D0-8A1B-DC40CE8C478C}.Release|iPhone.Build.0 = Release|Any CPU
		{7F44F0F6-8396-42D0-8A1B-DC40CE8C478C}.Release|iPhoneSimulator.ActiveCfg = Release|Any CPU
		{7F44F0F6-8396-42D0-8A1B-DC40CE8C478C}.Release|iPhoneSimulator.Build.0 = Release|Any CPU
		{7F44F0F6-8396-42D0-8A1B-DC40CE8C478C}.Debug|iPhone.ActiveCfg = Debug|Any CPU
		{7F44F0F6-8396-42D0-8A1B-DC40CE8C478C}.Debug|iPhone.Build.0 = Debug|Any CPU
		{CAEA919A-5B4A-4D97-AB4C-33229484BD7A}.Debug|Any CPU.ActiveCfg = Debug|Any CPU
		{CAEA919A-5B4A-4D97-AB4C-33229484BD7A}.Release|Any CPU.ActiveCfg = Release|Any CPU
		{CAEA919A-5B4A-4D97-AB4C-33229484BD7A}.Release|Any CPU.Build.0 = Release|Any CPU
		{CAEA919A-5B4A-4D97-AB4C-33229484BD7A}.Debug|iPhoneSimulator.ActiveCfg = Debug|Any CPU
		{CAEA919A-5B4A-4D97-AB4C-33229484BD7A}.Debug|iPhoneSimulator.Build.0 = Debug|Any CPU
		{CAEA919A-5B4A-4D97-AB4C-33229484BD7A}.Release|iPhone.ActiveCfg = Release|Any CPU
		{CAEA919A-5B4A-4D97-AB4C-33229484BD7A}.Release|iPhone.Build.0 = Release|Any CPU
		{CAEA919A-5B4A-4D97-AB4C-33229484BD7A}.Release|iPhoneSimulator.ActiveCfg = Release|Any CPU
		{CAEA919A-5B4A-4D97-AB4C-33229484BD7A}.Release|iPhoneSimulator.Build.0 = Release|Any CPU
		{CAEA919A-5B4A-4D97-AB4C-33229484BD7A}.Debug|iPhone.ActiveCfg = Debug|Any CPU
		{CAEA919A-5B4A-4D97-AB4C-33229484BD7A}.Debug|iPhone.Build.0 = Debug|Any CPU
		{9F66FA6F-2AC0-454F-B083-64E105079022}.Debug|Any CPU.ActiveCfg = Debug|Any CPU
		{9F66FA6F-2AC0-454F-B083-64E105079022}.Debug|Any CPU.Build.0 = Debug|Any CPU
		{9F66FA6F-2AC0-454F-B083-64E105079022}.Release|Any CPU.ActiveCfg = Release|Any CPU
		{9F66FA6F-2AC0-454F-B083-64E105079022}.Release|Any CPU.Build.0 = Release|Any CPU
		{9F66FA6F-2AC0-454F-B083-64E105079022}.Debug|iPhoneSimulator.ActiveCfg = Debug|Any CPU
		{9F66FA6F-2AC0-454F-B083-64E105079022}.Debug|iPhoneSimulator.Build.0 = Debug|Any CPU
		{9F66FA6F-2AC0-454F-B083-64E105079022}.Release|iPhone.ActiveCfg = Release|Any CPU
		{9F66FA6F-2AC0-454F-B083-64E105079022}.Release|iPhone.Build.0 = Release|Any CPU
		{9F66FA6F-2AC0-454F-B083-64E105079022}.Release|iPhoneSimulator.ActiveCfg = Release|Any CPU
		{9F66FA6F-2AC0-454F-B083-64E105079022}.Release|iPhoneSimulator.Build.0 = Release|Any CPU
		{9F66FA6F-2AC0-454F-B083-64E105079022}.Debug|iPhone.ActiveCfg = Debug|Any CPU
		{9F66FA6F-2AC0-454F-B083-64E105079022}.Debug|iPhone.Build.0 = Debug|Any CPU
		{E3CCEEA3-C0B0-47B0-B414-2D6C18AC100A}.Debug|Any CPU.ActiveCfg = Debug|Any CPU
		{E3CCEEA3-C0B0-47B0-B414-2D6C18AC100A}.Debug|Any CPU.Build.0 = Debug|Any CPU
		{E3CCEEA3-C0B0-47B0-B414-2D6C18AC100A}.Release|Any CPU.ActiveCfg = Release|Any CPU
		{E3CCEEA3-C0B0-47B0-B414-2D6C18AC100A}.Release|Any CPU.Build.0 = Release|Any CPU
		{E3CCEEA3-C0B0-47B0-B414-2D6C18AC100A}.Debug|iPhoneSimulator.ActiveCfg = Debug|Any CPU
		{E3CCEEA3-C0B0-47B0-B414-2D6C18AC100A}.Debug|iPhoneSimulator.Build.0 = Debug|Any CPU
		{E3CCEEA3-C0B0-47B0-B414-2D6C18AC100A}.Release|iPhone.ActiveCfg = Release|Any CPU
		{E3CCEEA3-C0B0-47B0-B414-2D6C18AC100A}.Release|iPhone.Build.0 = Release|Any CPU
		{E3CCEEA3-C0B0-47B0-B414-2D6C18AC100A}.Release|iPhoneSimulator.ActiveCfg = Release|Any CPU
		{E3CCEEA3-C0B0-47B0-B414-2D6C18AC100A}.Release|iPhoneSimulator.Build.0 = Release|Any CPU
		{E3CCEEA3-C0B0-47B0-B414-2D6C18AC100A}.Debug|iPhone.ActiveCfg = Debug|Any CPU
		{E3CCEEA3-C0B0-47B0-B414-2D6C18AC100A}.Debug|iPhone.Build.0 = Debug|Any CPU
	EndGlobalSection
	GlobalSection(SolutionProperties) = preSolution
		HideSolutionNode = FALSE
	EndGlobalSection
	GlobalSection(ExtensibilityGlobals) = postSolution
		SolutionGuid = {A0CF708C-E06A-4EA8-AE5A-8661DE04D8FD}
	EndGlobalSection
	GlobalSection(NestedProjects) = preSolution
		{E65EFF41-1E4E-45FE-AA22-431B1BB7B8D8} = {394D2D8C-E678-4C92-BD79-0D2BEDDE51A0}
		{8CB59AF4-4B0F-414B-926A-3C5380135437} = {E65EFF41-1E4E-45FE-AA22-431B1BB7B8D8}
		{CC89DBC6-E68A-4C85-91C4-E276D3BC3C2E} = {E65EFF41-1E4E-45FE-AA22-431B1BB7B8D8}
		{C8AF2E33-074F-4D90-8CEF-66B7B7113A54} = {394D2D8C-E678-4C92-BD79-0D2BEDDE51A0}
		{990783C7-8CCB-4648-A89C-E8189995F780} = {C8AF2E33-074F-4D90-8CEF-66B7B7113A54}
		{6BCB2009-2E46-458C-BCAA-AFC27A631924} = {C8AF2E33-074F-4D90-8CEF-66B7B7113A54}
		{1DC87C64-F348-4262-AB63-60D9DFDF9748} = {394D2D8C-E678-4C92-BD79-0D2BEDDE51A0}
		{0548367E-6173-47FC-9F27-D1F68609B168} = {1DC87C64-F348-4262-AB63-60D9DFDF9748}
		{2D399BA9-1878-43E2-AF05-6873EAE9151B} = {1DC87C64-F348-4262-AB63-60D9DFDF9748}
		{F2C45653-7B9D-455B-AA7E-16AB69656D3A} = {394D2D8C-E678-4C92-BD79-0D2BEDDE51A0}
		{756F33F5-B53D-4C9B-B761-89EE7544E81F} = {F2C45653-7B9D-455B-AA7E-16AB69656D3A}
		{23AA0E71-BF8F-47A8-A915-C8AC4841E064} = {F2C45653-7B9D-455B-AA7E-16AB69656D3A}
		{AD4C41A3-8204-4855-A8D8-7B293EA4B492} = {394D2D8C-E678-4C92-BD79-0D2BEDDE51A0}
		{2EBE805C-D6BA-4B80-9DD9-28DB0195CF51} = {AD4C41A3-8204-4855-A8D8-7B293EA4B492}
		{7EB2ADA9-C599-4644-AC6B-109F1AEED19F} = {AD4C41A3-8204-4855-A8D8-7B293EA4B492}
		{2B4A678B-63B4-49DB-99B1-BFE7793110C4} = {1DC87C64-F348-4262-AB63-60D9DFDF9748}
		{18D3FDC1-B0A1-401E-87F2-1C43034E610C} = {C8AF2E33-074F-4D90-8CEF-66B7B7113A54}
		{955A4101-4989-4764-9134-E621FC4D9C86} = {AD4C41A3-8204-4855-A8D8-7B293EA4B492}
		{7F44F0F6-8396-42D0-8A1B-DC40CE8C478C} = {E65EFF41-1E4E-45FE-AA22-431B1BB7B8D8}
		{CAEA919A-5B4A-4D97-AB4C-33229484BD7A} = {F2C45653-7B9D-455B-AA7E-16AB69656D3A}
		{7EC46446-0298-4ED6-860B-0EF4FC61250C} = {394D2D8C-E678-4C92-BD79-0D2BEDDE51A0}
		{9F66FA6F-2AC0-454F-B083-64E105079022} = {7EC46446-0298-4ED6-860B-0EF4FC61250C}
		{E3CCEEA3-C0B0-47B0-B414-2D6C18AC100A} = {7EC46446-0298-4ED6-860B-0EF4FC61250C}
	EndGlobalSection
EndGlobal
